
Microsoft Visual Studio Solution File, Format Version 12.00
# Visual Studio 14
VisualStudioVersion = 14.0.24720.0
MinimumVisualStudioVersion = 10.0.40219.1
Project("{FAE04EC0-301F-11D3-BF4B-00C04F79EFBC}") = "HarnishBalanceSheet", "HarnishBalanceSheet\HarnishBalanceSheet.csproj", "{18DFDE19-3F22-4DAD-8174-044B0319A318}"
EndProject
Project("{FAE04EC0-301F-11D3-BF4B-00C04F79EFBC}") = "UpdateStockPrices", "UpdateStockPrices\UpdateStockPrices.csproj", "{7532D140-E73A-4835-AC7F-B9FE6BDF2813}"
EndProject
Project("{FAE04EC0-301F-11D3-BF4B-00C04F79EFBC}") = "DataAccess", "DataAccess\DataAccess.csproj", "{EE552C8A-730A-4ABC-8AB5-280DF5CB8292}"
EndProject
Project("{FAE04EC0-301F-11D3-BF4B-00C04F79EFBC}") = "HarnishBalanceSheet.Models", "HarnishBalanceSheet.Models\HarnishBalanceSheet.Models.csproj", "{43EEA269-F938-4574-B24F-26279978A5D3}"
EndProject
Global
	GlobalSection(SolutionConfigurationPlatforms) = preSolution
		Debug|Any CPU = Debug|Any CPU
		Release|Any CPU = Release|Any CPU
	EndGlobalSection
	GlobalSection(ProjectConfigurationPlatforms) = postSolution
		{18DFDE19-3F22-4DAD-8174-044B0319A318}.Debug|Any CPU.ActiveCfg = Debug|Any CPU
		{18DFDE19-3F22-4DAD-8174-044B0319A318}.Debug|Any CPU.Build.0 = Debug|Any CPU
		{18DFDE19-3F22-4DAD-8174-044B0319A318}.Release|Any CPU.ActiveCfg = Debug|Any CPU
		{18DFDE19-3F22-4DAD-8174-044B0319A318}.Release|Any CPU.Build.0 = Debug|Any CPU
		{7532D140-E73A-4835-AC7F-B9FE6BDF2813}.Debug|Any CPU.ActiveCfg = Debug|Any CPU
		{7532D140-E73A-4835-AC7F-B9FE6BDF2813}.Debug|Any CPU.Build.0 = Debug|Any CPU
		{7532D140-E73A-4835-AC7F-B9FE6BDF2813}.Release|Any CPU.ActiveCfg = Debug|Any CPU
		{7532D140-E73A-4835-AC7F-B9FE6BDF2813}.Release|Any CPU.Build.0 = Debug|Any CPU
		{EE552C8A-730A-4ABC-8AB5-280DF5CB8292}.Debug|Any CPU.ActiveCfg = Debug|Any CPU
		{EE552C8A-730A-4ABC-8AB5-280DF5CB8292}.Debug|Any CPU.Build.0 = Debug|Any CPU
		{EE552C8A-730A-4ABC-8AB5-280DF5CB8292}.Release|Any CPU.ActiveCfg = Debug|Any CPU
		{EE552C8A-730A-4ABC-8AB5-280DF5CB8292}.Release|Any CPU.Build.0 = Debug|Any CPU
		{43EEA269-F938-4574-B24F-26279978A5D3}.Debug|Any CPU.ActiveCfg = Debug|Any CPU
		{43EEA269-F938-4574-B24F-26279978A5D3}.Debug|Any CPU.Build.0 = Debug|Any CPU
		{43EEA269-F938-4574-B24F-26279978A5D3}.Release|Any CPU.ActiveCfg = Debug|Any CPU
		{43EEA269-F938-4574-B24F-26279978A5D3}.Release|Any CPU.Build.0 = Debug|Any CPU
	EndGlobalSection
	GlobalSection(SolutionProperties) = preSolution
		HideSolutionNode = FALSE
	EndGlobalSection
EndGlobal
